// !$*UTF8*$!
{
	archiveVersion = 1;
	classes = {
	};
	objectVersion = 46;
	objects = {

/* Begin PBXBuildFile section */
		074FB60D17E10FB700E862DF /* UIKit.framework in Frameworks */ = {isa = PBXBuildFile; fileRef = 074FB60C17E10FB600E862DF /* UIKit.framework */; };
		074FB60F17E10FB700E862DF /* Foundation.framework in Frameworks */ = {isa = PBXBuildFile; fileRef = 074FB60E17E10FB700E862DF /* Foundation.framework */; };
		074FB61117E10FB700E862DF /* CoreGraphics.framework in Frameworks */ = {isa = PBXBuildFile; fileRef = 074FB61017E10FB700E862DF /* CoreGraphics.framework */; };
		074FB61717E10FB700E862DF /* InfoPlist.strings in Resources */ = {isa = PBXBuildFile; fileRef = 074FB61517E10FB700E862DF /* InfoPlist.strings */; };
		074FB61917E10FB700E862DF /* main.m in Sources */ = {isa = PBXBuildFile; fileRef = 074FB61817E10FB700E862DF /* main.m */; };
		074FB61D17E10FB700E862DF /* helloAppDelegate.m in Sources */ = {isa = PBXBuildFile; fileRef = 074FB61C17E10FB700E862DF /* helloAppDelegate.m */; };
		074FB61F17E10FB700E862DF /* Default.png in Resources */ = {isa = PBXBuildFile; fileRef = 074FB61E17E10FB700E862DF /* Default.png */; };
		074FB62117E10FB700E862DF /* Default@2x.png in Resources */ = {isa = PBXBuildFile; fileRef = 074FB62017E10FB700E862DF /* Default@2x.png */; };
		074FB62317E10FB700E862DF /* Default-568h@2x.png in Resources */ = {isa = PBXBuildFile; fileRef = 074FB62217E10FB700E862DF /* Default-568h@2x.png */; };
		074FB62B17E10FB700E862DF /* SenTestingKit.framework in Frameworks */ = {isa = PBXBuildFile; fileRef = 074FB62A17E10FB700E862DF /* SenTestingKit.framework */; };
		074FB62C17E10FB700E862DF /* UIKit.framework in Frameworks */ = {isa = PBXBuildFile; fileRef = 074FB60C17E10FB600E862DF /* UIKit.framework */; };
		074FB62D17E10FB700E862DF /* Foundation.framework in Frameworks */ = {isa = PBXBuildFile; fileRef = 074FB60E17E10FB700E862DF /* Foundation.framework */; };
		074FB63517E10FB700E862DF /* InfoPlist.strings in Resources */ = {isa = PBXBuildFile; fileRef = 074FB63317E10FB700E862DF /* InfoPlist.strings */; };
		074FB63817E10FB700E862DF /* hello_worldTests.m in Sources */ = {isa = PBXBuildFile; fileRef = 074FB63717E10FB700E862DF /* hello_worldTests.m */; };
/* End PBXBuildFile section */

/* Begin PBXContainerItemProxy section */
		074FB62E17E10FB700E862DF /* PBXContainerItemProxy */ = {
			isa = PBXContainerItemProxy;
			containerPortal = 074FB60117E10FB600E862DF /* Project object */;
			proxyType = 1;
			remoteGlobalIDString = 074FB60817E10FB600E862DF;
			remoteInfo = "hello world";
		};
/* End PBXContainerItemProxy section */

/* Begin PBXFileReference section */
		074FB60917E10FB600E862DF /* hello world.app */ = {isa = PBXFileReference; explicitFileType = wrapper.application; includeInIndex = 0; path = "hello world.app"; sourceTree = BUILT_PRODUCTS_DIR; };
		074FB60C17E10FB600E862DF /* UIKit.framework */ = {isa = PBXFileReference; lastKnownFileType = wrapper.framework; name = UIKit.framework; path = System/Library/Frameworks/UIKit.framework; sourceTree = SDKROOT; };
		074FB60E17E10FB700E862DF /* Foundation.framework */ = {isa = PBXFileReference; lastKnownFileType = wrapper.framework; name = Foundation.framework; path = System/Library/Frameworks/Foundation.framework; sourceTree = SDKROOT; };
		074FB61017E10FB700E862DF /* CoreGraphics.framework */ = {isa = PBXFileReference; lastKnownFileType = wrapper.framework; name = CoreGraphics.framework; path = System/Library/Frameworks/CoreGraphics.framework; sourceTree = SDKROOT; };
		074FB61417E10FB700E862DF /* hello world-Info.plist */ = {isa = PBXFileReference; lastKnownFileType = text.plist.xml; path = "hello world-Info.plist"; sourceTree = "<group>"; };
		074FB61617E10FB700E862DF /* en */ = {isa = PBXFileReference; lastKnownFileType = text.plist.strings; name = en; path = en.lproj/InfoPlist.strings; sourceTree = "<group>"; };
		074FB61817E10FB700E862DF /* main.m */ = {isa = PBXFileReference; lastKnownFileType = sourcecode.c.objc; path = main.m; sourceTree = "<group>"; };
		074FB61A17E10FB700E862DF /* hello world-Prefix.pch */ = {isa = PBXFileReference; lastKnownFileType = sourcecode.c.h; path = "hello world-Prefix.pch"; sourceTree = "<group>"; };
		074FB61B17E10FB700E862DF /* helloAppDelegate.h */ = {isa = PBXFileReference; lastKnownFileType = sourcecode.c.h; path = helloAppDelegate.h; sourceTree = "<group>"; };
		074FB61C17E10FB700E862DF /* helloAppDelegate.m */ = {isa = PBXFileReference; lastKnownFileType = sourcecode.c.objc; path = helloAppDelegate.m; sourceTree = "<group>"; };
		074FB61E17E10FB700E862DF /* Default.png */ = {isa = PBXFileReference; lastKnownFileType = image.png; path = Default.png; sourceTree = "<group>"; };
		074FB62017E10FB700E862DF /* Default@2x.png */ = {isa = PBXFileReference; lastKnownFileType = image.png; path = "Default@2x.png"; sourceTree = "<group>"; };
		074FB62217E10FB700E862DF /* Default-568h@2x.png */ = {isa = PBXFileReference; lastKnownFileType = image.png; path = "Default-568h@2x.png"; sourceTree = "<group>"; };
		074FB62917E10FB700E862DF /* hello worldTests.octest */ = {isa = PBXFileReference; explicitFileType = wrapper.cfbundle; includeInIndex = 0; path = "hello worldTests.octest"; sourceTree = BUILT_PRODUCTS_DIR; };
		074FB62A17E10FB700E862DF /* SenTestingKit.framework */ = {isa = PBXFileReference; lastKnownFileType = wrapper.framework; name = SenTestingKit.framework; path = Library/Frameworks/SenTestingKit.framework; sourceTree = DEVELOPER_DIR; };
		074FB63217E10FB700E862DF /* hello worldTests-Info.plist */ = {isa = PBXFileReference; lastKnownFileType = text.plist.xml; path = "hello worldTests-Info.plist"; sourceTree = "<group>"; };
		074FB63417E10FB700E862DF /* en */ = {isa = PBXFileReference; lastKnownFileType = text.plist.strings; name = en; path = en.lproj/InfoPlist.strings; sourceTree = "<group>"; };
		074FB63617E10FB700E862DF /* hello_worldTests.h */ = {isa = PBXFileReference; lastKnownFileType = sourcecode.c.h; path = hello_worldTests.h; sourceTree = "<group>"; };
		074FB63717E10FB700E862DF /* hello_worldTests.m */ = {isa = PBXFileReference; lastKnownFileType = sourcecode.c.objc; path = hello_worldTests.m; sourceTree = "<group>"; };
/* End PBXFileReference section */

/* Begin PBXFrameworksBuildPhase section */
		074FB60617E10FB600E862DF /* Frameworks */ = {
			isa = PBXFrameworksBuildPhase;
			buildActionMask = 2147483647;
			files = (
				074FB60D17E10FB700E862DF /* UIKit.framework in Frameworks */,
				074FB60F17E10FB700E862DF /* Foundation.framework in Frameworks */,
				074FB61117E10FB700E862DF /* CoreGraphics.framework in Frameworks */,
			);
			runOnlyForDeploymentPostprocessing = 0;
		};
		074FB62517E10FB700E862DF /* Frameworks */ = {
			isa = PBXFrameworksBuildPhase;
			buildActionMask = 2147483647;
			files = (
				074FB62B17E10FB700E862DF /* SenTestingKit.framework in Frameworks */,
				074FB62C17E10FB700E862DF /* UIKit.framework in Frameworks */,
				074FB62D17E10FB700E862DF /* Foundation.framework in Frameworks */,
			);
			runOnlyForDeploymentPostprocessing = 0;
		};
/* End PBXFrameworksBuildPhase section */

/* Begin PBXGroup section */
		074FB60017E10FB600E862DF = {
			isa = PBXGroup;
			children = (
				074FB61217E10FB700E862DF /* hello world */,
				074FB63017E10FB700E862DF /* hello worldTests */,
				074FB60B17E10FB600E862DF /* Frameworks */,
				074FB60A17E10FB600E862DF /* Products */,
			);
			sourceTree = "<group>";
		};
		074FB60A17E10FB600E862DF /* Products */ = {
			isa = PBXGroup;
			children = (
				074FB60917E10FB600E862DF /* hello world.app */,
				074FB62917E10FB700E862DF /* hello worldTests.octest */,
			);
			name = Products;
			sourceTree = "<group>";
		};
		074FB60B17E10FB600E862DF /* Frameworks */ = {
			isa = PBXGroup;
			children = (
				074FB60C17E10FB600E862DF /* UIKit.framework */,
				074FB60E17E10FB700E862DF /* Foundation.framework */,
				074FB61017E10FB700E862DF /* CoreGraphics.framework */,
				074FB62A17E10FB700E862DF /* SenTestingKit.framework */,
			);
			name = Frameworks;
			sourceTree = "<group>";
		};
		074FB61217E10FB700E862DF /* hello world */ = {
			isa = PBXGroup;
			children = (
				074FB61B17E10FB700E862DF /* helloAppDelegate.h */,
				074FB61C17E10FB700E862DF /* helloAppDelegate.m */,
				074FB61317E10FB700E862DF /* Supporting Files */,
			);
			path = "hello world";
			sourceTree = "<group>";
		};
		074FB61317E10FB700E862DF /* Supporting Files */ = {
			isa = PBXGroup;
			children = (
				074FB61417E10FB700E862DF /* hello world-Info.plist */,
				074FB61517E10FB700E862DF /* InfoPlist.strings */,
				074FB61817E10FB700E862DF /* main.m */,
				074FB61A17E10FB700E862DF /* hello world-Prefix.pch */,
				074FB61E17E10FB700E862DF /* Default.png */,
				074FB62017E10FB700E862DF /* Default@2x.png */,
				074FB62217E10FB700E862DF /* Default-568h@2x.png */,
			);
			name = "Supporting Files";
			sourceTree = "<group>";
		};
		074FB63017E10FB700E862DF /* hello worldTests */ = {
			isa = PBXGroup;
			children = (
				074FB63617E10FB700E862DF /* hello_worldTests.h */,
				074FB63717E10FB700E862DF /* hello_worldTests.m */,
				074FB63117E10FB700E862DF /* Supporting Files */,
			);
			path = "hello worldTests";
			sourceTree = "<group>";
		};
		074FB63117E10FB700E862DF /* Supporting Files */ = {
			isa = PBXGroup;
			children = (
				074FB63217E10FB700E862DF /* hello worldTests-Info.plist */,
				074FB63317E10FB700E862DF /* InfoPlist.strings */,
			);
			name = "Supporting Files";
			sourceTree = "<group>";
		};
/* End PBXGroup section */

/* Begin PBXNativeTarget section */
		074FB60817E10FB600E862DF /* hello world */ = {
			isa = PBXNativeTarget;
			buildConfigurationList = 074FB63B17E10FB700E862DF /* Build configuration list for PBXNativeTarget "hello world" */;
			buildPhases = (
				074FB60517E10FB600E862DF /* Sources */,
				074FB60617E10FB600E862DF /* Frameworks */,
				074FB60717E10FB600E862DF /* Resources */,
			);
			buildRules = (
			);
			dependencies = (
			);
			name = "hello world";
			productName = "hello world";
			productReference = 074FB60917E10FB600E862DF /* hello world.app */;
			productType = "com.apple.product-type.application";
		};
		074FB62817E10FB700E862DF /* hello worldTests */ = {
			isa = PBXNativeTarget;
			buildConfigurationList = 074FB63E17E10FB700E862DF /* Build configuration list for PBXNativeTarget "hello worldTests" */;
			buildPhases = (
				074FB62417E10FB700E862DF /* Sources */,
				074FB62517E10FB700E862DF /* Frameworks */,
				074FB62617E10FB700E862DF /* Resources */,
				074FB62717E10FB700E862DF /* ShellScript */,
			);
			buildRules = (
			);
			dependencies = (
				074FB62F17E10FB700E862DF /* PBXTargetDependency */,
			);
			name = "hello worldTests";
			productName = "hello worldTests";
			productReference = 074FB62917E10FB700E862DF /* hello worldTests.octest */;
			productType = "com.apple.product-type.bundle";
		};
/* End PBXNativeTarget section */

/* Begin PBXProject section */
		074FB60117E10FB600E862DF /* Project object */ = {
			isa = PBXProject;
			attributes = {
				CLASSPREFIX = hello;
				LastUpgradeCheck = 0460;
				ORGANIZATIONNAME = "Carlos De La Cruz";
			};
			buildConfigurationList = 074FB60417E10FB600E862DF /* Build configuration list for PBXProject "hello world" */;
			compatibilityVersion = "Xcode 3.2";
			developmentRegion = English;
			hasScannedForEncodings = 0;
			knownRegions = (
				en,
			);
			mainGroup = 074FB60017E10FB600E862DF;
			productRefGroup = 074FB60A17E10FB600E862DF /* Products */;
			projectDirPath = "";
			projectRoot = "";
			targets = (
				074FB60817E10FB600E862DF /* hello world */,
				074FB62817E10FB700E862DF /* hello worldTests */,
			);
		};
/* End PBXProject section */

/* Begin PBXResourcesBuildPhase section */
		074FB60717E10FB600E862DF /* Resources */ = {
			isa = PBXResourcesBuildPhase;
			buildActionMask = 2147483647;
			files = (
				074FB61717E10FB700E862DF /* InfoPlist.strings in Resources */,
				074FB61F17E10FB700E862DF /* Default.png in Resources */,
				074FB62117E10FB700E862DF /* Default@2x.png in Resources */,
				074FB62317E10FB700E862DF /* Default-568h@2x.png in Resources */,
			);
			runOnlyForDeploymentPostprocessing = 0;
		};
		074FB62617E10FB700E862DF /* Resources */ = {
			isa = PBXResourcesBuildPhase;
			buildActionMask = 2147483647;
			files = (
				074FB63517E10FB700E862DF /* InfoPlist.strings in Resources */,
			);
			runOnlyForDeploymentPostprocessing = 0;
		};
/* End PBXResourcesBuildPhase section */

/* Begin PBXShellScriptBuildPhase section */
		074FB62717E10FB700E862DF /* ShellScript */ = {
			isa = PBXShellScriptBuildPhase;
			buildActionMask = 2147483647;
			files = (
			);
			inputPaths = (
			);
			outputPaths = (
			);
			runOnlyForDeploymentPostprocessing = 0;
			shellPath = /bin/sh;
			shellScript = "# Run the unit tests in this test bundle.\n\"${SYSTEM_DEVELOPER_DIR}/Tools/RunUnitTests\"\n";
		};
/* End PBXShellScriptBuildPhase section */

/* Begin PBXSourcesBuildPhase section */
		074FB60517E10FB600E862DF /* Sources */ = {
			isa = PBXSourcesBuildPhase;
			buildActionMask = 2147483647;
			files = (
				074FB61917E10FB700E862DF /* main.m in Sources */,
				074FB61D17E10FB700E862DF /* helloAppDelegate.m in Sources */,
			);
			runOnlyForDeploymentPostprocessing = 0;
		};
		074FB62417E10FB700E862DF /* Sources */ = {
			isa = PBXSourcesBuildPhase;
			buildActionMask = 2147483647;
			files = (
				074FB63817E10FB700E862DF /* hello_worldTests.m in Sources */,
			);
			runOnlyForDeploymentPostprocessing = 0;
		};
/* End PBXSourcesBuildPhase section */

/* Begin PBXTargetDependency section */
		074FB62F17E10FB700E862DF /* PBXTargetDependency */ = {
			isa = PBXTargetDependency;
			target = 074FB60817E10FB600E862DF /* hello world */;
			targetProxy = 074FB62E17E10FB700E862DF /* PBXContainerItemProxy */;
		};
/* End PBXTargetDependency section */

/* Begin PBXVariantGroup section */
		074FB61517E10FB700E862DF /* InfoPlist.strings */ = {
			isa = PBXVariantGroup;
			children = (
				074FB61617E10FB700E862DF /* en */,
			);
			name = InfoPlist.strings;
			sourceTree = "<group>";
		};
		074FB63317E10FB700E862DF /* InfoPlist.strings */ = {
			isa = PBXVariantGroup;
			children = (
				074FB63417E10FB700E862DF /* en */,
			);
			name = InfoPlist.strings;
			sourceTree = "<group>";
		};
/* End PBXVariantGroup section */

/* Begin XCBuildConfiguration section */
		074FB63917E10FB700E862DF /* Debug */ = {
			isa = XCBuildConfiguration;
			buildSettings = {
				ALWAYS_SEARCH_USER_PATHS = NO;
				CLANG_CXX_LANGUAGE_STANDARD = "gnu++0x";
				CLANG_CXX_LIBRARY = "libc++";
				CLANG_ENABLE_OBJC_ARC = YES;
				CLANG_WARN_CONSTANT_CONVERSION = YES;
				CLANG_WARN_EMPTY_BODY = YES;
				CLANG_WARN_ENUM_CONVERSION = YES;
				CLANG_WARN_INT_CONVERSION = YES;
				CLANG_WARN__DUPLICATE_METHOD_MATCH = YES;
				"CODE_SIGN_IDENTITY[sdk=iphoneos*]" = "iPhone Developer";
				COPY_PHASE_STRIP = NO;
				GCC_C_LANGUAGE_STANDARD = gnu99;
				GCC_DYNAMIC_NO_PIC = NO;
				GCC_OPTIMIZATION_LEVEL = 0;
				GCC_PREPROCESSOR_DEFINITIONS = (
					"DEBUG=1",
					"$(inherited)",
				);
				GCC_SYMBOLS_PRIVATE_EXTERN = NO;
				GCC_WARN_ABOUT_RETURN_TYPE = YES;
				GCC_WARN_UNINITIALIZED_AUTOS = YES;
				GCC_WARN_UNUSED_VARIABLE = YES;
				IPHONEOS_DEPLOYMENT_TARGET = 6.1;
				ONLY_ACTIVE_ARCH = YES;
				SDKROOT = iphoneos;
				TARGETED_DEVICE_FAMILY = "1,2";
			};
			name = Debug;
		};
		074FB63A17E10FB700E862DF /* Release */ = {
			isa = XCBuildConfiguration;
			buildSettings = {
				ALWAYS_SEARCH_USER_PATHS = NO;
				CLANG_CXX_LANGUAGE_STANDARD = "gnu++0x";
				CLANG_CXX_LIBRARY = "libc++";
				CLANG_ENABLE_OBJC_ARC = YES;
				CLANG_WARN_CONSTANT_CONVERSION = YES;
				CLANG_WARN_EMPTY_BODY = YES;
				CLANG_WARN_ENUM_CONVERSION = YES;
				CLANG_WARN_INT_CONVERSION = YES;
				CLANG_WARN__DUPLICATE_METHOD_MATCH = YES;
				"CODE_SIGN_IDENTITY[sdk=iphoneos*]" = "iPhone Developer";
				COPY_PHASE_STRIP = YES;
				GCC_C_LANGUAGE_STANDARD = gnu99;
				GCC_WARN_ABOUT_RETURN_TYPE = YES;
				GCC_WARN_UNINITIALIZED_AUTOS = YES;
				GCC_WARN_UNUSED_VARIABLE = YES;
				IPHONEOS_DEPLOYMENT_TARGET = 6.1;
				OTHER_CFLAGS = "-DNS_BLOCK_ASSERTIONS=1";
				SDKROOT = iphoneos;
				TARGETED_DEVICE_FAMILY = "1,2";
				VALIDATE_PRODUCT = YES;
			};
			name = Release;
		};
		074FB63C17E10FB700E862DF /* Debug */ = {
			isa = XCBuildConfiguration;
			buildSettings = {
				GCC_PRECOMPILE_PREFIX_HEADER = YES;
				GCC_PREFIX_HEADER = "hello world/hello world-Prefix.pch";
				INFOPLIST_FILE = "hello world/hello world-Info.plist";
				PRODUCT_NAME = "$(TARGET_NAME)";
				WRAPPER_EXTENSION = app;
			};
			name = Debug;
		};
		074FB63D17E10FB700E862DF /* Release */ = {
			isa = XCBuildConfiguration;
			buildSettings = {
				GCC_PRECOMPILE_PREFIX_HEADER = YES;
				GCC_PREFIX_HEADER = "hello world/hello world-Prefix.pch";
				INFOPLIST_FILE = "hello world/hello world-Info.plist";
				PRODUCT_NAME = "$(TARGET_NAME)";
				WRAPPER_EXTENSION = app;
			};
			name = Release;
		};
		074FB63F17E10FB700E862DF /* Debug */ = {
			isa = XCBuildConfiguration;
			buildSettings = {
				BUNDLE_LOADER = "$(BUILT_PRODUCTS_DIR)/hello world.app/hello world";
				FRAMEWORK_SEARCH_PATHS = (
					"\"$(SDKROOT)/Developer/Library/Frameworks\"",
					"\"$(DEVELOPER_LIBRARY_DIR)/Frameworks\"",
				);
				GCC_PRECOMPILE_PREFIX_HEADER = YES;
				GCC_PREFIX_HEADER = "hello world/hello world-Prefix.pch";
				INFOPLIST_FILE = "hello worldTests/hello worldTests-Info.plist";
				PRODUCT_NAME = "$(TARGET_NAME)";
				TEST_HOST = "$(BUNDLE_LOADER)";
				WRAPPER_EXTENSION = octest;
			};
			name = Debug;
		};
		074FB64017E10FB700E862DF /* Release */ = {
			isa = XCBuildConfiguration;
			buildSettings = {
				BUNDLE_LOADER = "$(BUILT_PRODUCTS_DIR)/hello world.app/hello world";
				FRAMEWORK_SEARCH_PATHS = (
					"\"$(SDKROOT)/Developer/Library/Frameworks\"",
					"\"$(DEVELOPER_LIBRARY_DIR)/Frameworks\"",
				);
				GCC_PRECOMPILE_PREFIX_HEADER = YES;
				GCC_PREFIX_HEADER = "hello world/hello world-Prefix.pch";
				INFOPLIST_FILE = "hello worldTests/hello worldTests-Info.plist";
				PRODUCT_NAME = "$(TARGET_NAME)";
				TEST_HOST = "$(BUNDLE_LOADER)";
				WRAPPER_EXTENSION = octest;
			};
			name = Release;
		};
/* End XCBuildConfiguration section */

/* Begin XCConfigurationList section */
		074FB60417E10FB600E862DF /* Build configuration list for PBXProject "hello world" */ = {
			isa = XCConfigurationList;
			buildConfigurations = (
				074FB63917E10FB700E862DF /* Debug */,
				074FB63A17E10FB700E862DF /* Release */,
			);
			defaultConfigurationIsVisible = 0;
			defaultConfigurationName = Release;
		};
		074FB63B17E10FB700E862DF /* Build configuration list for PBXNativeTarget "hello world" */ = {
			isa = XCConfigurationList;
			buildConfigurations = (
				074FB63C17E10FB700E862DF /* Debug */,
				074FB63D17E10FB700E862DF /* Release */,
			);
			defaultConfigurationIsVisible = 0;
		};
		074FB63E17E10FB700E862DF /* Build configuration list for PBXNativeTarget "hello worldTests" */ = {
			isa = XCConfigurationList;
			buildConfigurations = (
				074FB63F17E10FB700E862DF /* Debug */,
				074FB64017E10FB700E862DF /* Release */,
			);
			defaultConfigurationIsVisible = 0;
		};
/* End XCConfigurationList section */
	};
	rootObject = 074FB60117E10FB600E862DF /* Project object */;
}
